
Microsoft Visual Studio Solution File, Format Version 12.00
# Visual Studio Version 17
VisualStudioVersion = 17.12.35707.178 d17.12
MinimumVisualStudioVersion = 10.0.40219.1
Project("{FAE04EC0-301F-11D3-BF4B-00C04F79EFBC}") = "coding-test-todolist", "coding-test-todolist\coding-test-todolist.csproj", "{0A2466FE-78CF-488E-A09F-B431F2A61882}"
EndProject
Project("{FAE04EC0-301F-11D3-BF4B-00C04F79EFBC}") = "coding-test-todolist-web-api", "coding-test-todolist-web-api\coding-test-todolist-web-api.csproj", "{0B1D7369-F94A-41A9-8E10-82040CF79603}"
EndProject
Global
	GlobalSection(SolutionConfigurationPlatforms) = preSolution
		Debug|Any CPU = Debug|Any CPU
		Release|Any CPU = Release|Any CPU
	EndGlobalSection
	GlobalSection(ProjectConfigurationPlatforms) = postSolution
		{0A2466FE-78CF-488E-A09F-B431F2A61882}.Debug|Any CPU.ActiveCfg = Debug|Any CPU
		{0A2466FE-78CF-488E-A09F-B431F2A61882}.Debug|Any CPU.Build.0 = Debug|Any CPU
		{0A2466FE-78CF-488E-A09F-B431F2A61882}.Release|Any CPU.ActiveCfg = Release|Any CPU
		{0A2466FE-78CF-488E-A09F-B431F2A61882}.Release|Any CPU.Build.0 = Release|Any CPU
		{0B1D7369-F94A-41A9-8E10-82040CF79603}.Debug|Any CPU.ActiveCfg = Debug|Any CPU
		{0B1D7369-F94A-41A9-8E10-82040CF79603}.Debug|Any CPU.Build.0 = Debug|Any CPU
		{0B1D7369-F94A-41A9-8E10-82040CF79603}.Release|Any CPU.ActiveCfg = Release|Any CPU
		{0B1D7369-F94A-41A9-8E10-82040CF79603}.Release|Any CPU.Build.0 = Release|Any CPU
	EndGlobalSection
	GlobalSection(SolutionProperties) = preSolution
		HideSolutionNode = FALSE
	EndGlobalSection
EndGlobal
